version = 1
revision = 3
requires-python = ">=3.10"

[[package]]
name = "lunar-python"
version = "1.4.7"
source = { registry = "https://pypi.org/simple" }
sdist = { url = "https://files.pythonhosted.org/packages/9b/35/ecb8fbde947ee4f3f8964531db7dd9ab169d24e8a47baa275db4865b8bcc/lunar_python-1.4.7.tar.gz", hash = "sha256:62c7f069e75cc3f5b3d8d755a2461ad0bd1bb01efe13e5f37503b4f0e8ccf1dc", size = 105717, upload-time = "2025-10-21T06:37:33.001Z" }

[[package]]
name = "qimen"
version = "0.1.0"
source = { virtual = "." }
dependencies = [
    { name = "lunar-python" },
]

[package.metadata]
requires-dist = [{ name = "lunar-python", specifier = ">=1.4.7" }]
